symfony v2.0.14
twig v1.7.0
monolog 1.0.2
doctrine-common 2.2.1
doctrine-dbal 2.2.1
doctrine 2.2.1
swiftmailer v4.1.7
assetic v1.0.3
twig-extensions feb6d3f10c411e2631997c0a905aa581c80305c1
metadata 1.1.0
SensioFrameworkExtraBundle 85911039aca2ef39805640d9238c7157d8c30d2e
JMSSecurityExtraBundle e752f888c51425f71382c056961f10f2be642102
SensioDistributionBundle 41a6c5caed65f02bb09c95a90579f047616471fd
SensioGeneratorBundle c0118ce370f8da20e43051f2dd1ae331a202ab9c
AsseticBundle v1.0.1
FOSUserBundle 1.2.0
SonataAdminBundle 74ef3be852404a3195ac7b6caabe14179d3d63e6
FPNTagBundle 05518c2ccaf059414cfed51c0bbbfabd34fe44ea
GregwarImageBundle 0b99db93b7eb94452967880ea444b3b9732eb4c6
aws-sdk-for-php 1.5.11
AmazonWebServicesBundle af198bb00f97437cd31805aa1a7ec29b9ba57a1f
PHPExifLibrary bb2fc99af2032df2829726f766e21f9c97584bc6
HTMLPurifierBundle 2b51e131341a5a00fbce64c99363b05a205db7de
htmlpurifier 7291f19347b05f5833421eaf5152558bfbd2b454
gedmo-doctrine-extensions 9bb455ba52d223a47323f4c5832635ccc328f630
StofDoctrineExtensionsBundle f31a0861de08b6594f09430a4cbaf0618e5e11ad
doctrine-extensions-taggable b50b197ec9bde762c410550e37bf5f4caa96c894
Pagerfanta 486a9b809fa7660787fb3b97dffcc26d30de6356
